github.com/klauspost/cpuid/v2 v2.0.2 h1:pd2FBxFydtPn2ywTLStbFg9CJKrojATnpeJWSP7Ys4k=
github.com/klauspost/cpuid/v2 v2.0.2/go.mod h1:FInQzS24/EEf25PyTYn52gqo7WaD8xa0213Md/qVLRg=
github.com/klauspost/reedsolomon v1.9.12 h1:EyOucRmcrLH+2hqKGdoA5SM8pwPKR6BJsf3r6zpYOA0=
github.com/klauspost/reedsolomon v1.9.12/go.mod h1:nLvuzNvy1ZDNQW30IuMc2ZWCbiqrJgdLoUS2X8HAUVg=
github.com/snksoft/crc v1.1.0 h1:HkLdI4taFlgGGG1KvsWMpz78PkOC9TkPVpTV/cuWn48=
github.com/snksoft/crc v1.1.0/go.mod h1:5/gUOsgAm7OmIhb6WJzw7w5g2zfJi4FrHYgGPdshE+A=
